// !$*UTF8*$!
{
	archiveVersion = 1;
	classes = {
	};
	objectVersion = 51;
	objects = {

/* Begin PBXBuildFile section */
		4B7B0B69252B01240063946B /* AppDelegate.swift in Sources */ = {isa = PBXBuildFile; fileRef = 4B7B0B68252B01240063946B /* AppDelegate.swift */; };
		4B7B0B6B252B01240063946B /* SceneDelegate.swift in Sources */ = {isa = PBXBuildFile; fileRef = 4B7B0B6A252B01240063946B /* SceneDelegate.swift */; };
		4B7B0B6D252B01240063946B /* ConversationsViewController.swift in Sources */ = {isa = PBXBuildFile; fileRef = 4B7B0B6C252B01240063946B /* ConversationsViewController.swift */; };
		4B7B0B70252B01240063946B /* Main.storyboard in Resources */ = {isa = PBXBuildFile; fileRef = 4B7B0B6E252B01240063946B /* Main.storyboard */; };
		4B7B0B72252B01250063946B /* Assets.xcassets in Resources */ = {isa = PBXBuildFile; fileRef = 4B7B0B71252B01250063946B /* Assets.xcassets */; };
		4B7B0B75252B01250063946B /* LaunchScreen.storyboard in Resources */ = {isa = PBXBuildFile; fileRef = 4B7B0B73252B01250063946B /* LaunchScreen.storyboard */; };
		4B7B0B86252B050B0063946B /* LoginViewController.swift in Sources */ = {isa = PBXBuildFile; fileRef = 4B7B0B85252B050B0063946B /* LoginViewController.swift */; };
		4B7B0B89252B052D0063946B /* RegisterViewController.swift in Sources */ = {isa = PBXBuildFile; fileRef = 4B7B0B88252B052D0063946B /* RegisterViewController.swift */; };
		4B7B0B8C252B05870063946B /* PhotoViewerViewController.swift in Sources */ = {isa = PBXBuildFile; fileRef = 4B7B0B8B252B05870063946B /* PhotoViewerViewController.swift */; };
		4B7B0B8F252B05B30063946B /* VideoPlayerViewController.swift in Sources */ = {isa = PBXBuildFile; fileRef = 4B7B0B8E252B05B30063946B /* VideoPlayerViewController.swift */; };
		4B7B0B92252B05F30063946B /* NewConversationViewController.swift in Sources */ = {isa = PBXBuildFile; fileRef = 4B7B0B91252B05F30063946B /* NewConversationViewController.swift */; };
		4B7B0B95252B06B50063946B /* ProfileViewController.swift in Sources */ = {isa = PBXBuildFile; fileRef = 4B7B0B94252B06B50063946B /* ProfileViewController.swift */; };
		4B7B0B9A252B112E0063946B /* Extensions.swift in Sources */ = {isa = PBXBuildFile; fileRef = 4B7B0B99252B112E0063946B /* Extensions.swift */; };
		4B9B67CF252DB90C001B08C3 /* GoogleService-Info.plist in Resources */ = {isa = PBXBuildFile; fileRef = 4B9B67CE252DB90C001B08C3 /* GoogleService-Info.plist */; };
		4B9B67D3252DEBA7001B08C3 /* DatabaseManager.swift in Sources */ = {isa = PBXBuildFile; fileRef = 4B9B67D2252DEBA7001B08C3 /* DatabaseManager.swift */; };
		CA1B71C7585313185F8170CB /* Pods_Messanger.framework in Frameworks */ = {isa = PBXBuildFile; fileRef = 2F3C037985EF01B9A3655CEF /* Pods_Messanger.framework */; };
/* End PBXBuildFile section */

/* Begin PBXFileReference section */
		2F3C037985EF01B9A3655CEF /* Pods_Messanger.framework */ = {isa = PBXFileReference; explicitFileType = wrapper.framework; includeInIndex = 0; path = Pods_Messanger.framework; sourceTree = BUILT_PRODUCTS_DIR; };
		4B7B0B65252B01240063946B /* Messanger.app */ = {isa = PBXFileReference; explicitFileType = wrapper.application; includeInIndex = 0; path = Messanger.app; sourceTree = BUILT_PRODUCTS_DIR; };
		4B7B0B68252B01240063946B /* AppDelegate.swift */ = {isa = PBXFileReference; lastKnownFileType = sourcecode.swift; path = AppDelegate.swift; sourceTree = "<group>"; };
		4B7B0B6A252B01240063946B /* SceneDelegate.swift */ = {isa = PBXFileReference; lastKnownFileType = sourcecode.swift; path = SceneDelegate.swift; sourceTree = "<group>"; };
		4B7B0B6C252B01240063946B /* ConversationsViewController.swift */ = {isa = PBXFileReference; lastKnownFileType = sourcecode.swift; path = ConversationsViewController.swift; sourceTree = "<group>"; };
		4B7B0B6F252B01240063946B /* Base */ = {isa = PBXFileReference; lastKnownFileType = file.storyboard; name = Base; path = Base.lproj/Main.storyboard; sourceTree = "<group>"; };
		4B7B0B71252B01250063946B /* Assets.xcassets */ = {isa = PBXFileReference; lastKnownFileType = folder.assetcatalog; path = Assets.xcassets; sourceTree = "<group>"; };
		4B7B0B74252B01250063946B /* Base */ = {isa = PBXFileReference; lastKnownFileType = file.storyboard; name = Base; path = Base.lproj/LaunchScreen.storyboard; sourceTree = "<group>"; };
		4B7B0B76252B01250063946B /* Info.plist */ = {isa = PBXFileReference; lastKnownFileType = text.plist.xml; path = Info.plist; sourceTree = "<group>"; };
		4B7B0B85252B050B0063946B /* LoginViewController.swift */ = {isa = PBXFileReference; lastKnownFileType = sourcecode.swift; path = LoginViewController.swift; sourceTree = "<group>"; };
		4B7B0B88252B052D0063946B /* RegisterViewController.swift */ = {isa = PBXFileReference; lastKnownFileType = sourcecode.swift; path = RegisterViewController.swift; sourceTree = "<group>"; };
		4B7B0B8B252B05870063946B /* PhotoViewerViewController.swift */ = {isa = PBXFileReference; lastKnownFileType = sourcecode.swift; path = PhotoViewerViewController.swift; sourceTree = "<group>"; };
		4B7B0B8E252B05B30063946B /* VideoPlayerViewController.swift */ = {isa = PBXFileReference; lastKnownFileType = sourcecode.swift; path = VideoPlayerViewController.swift; sourceTree = "<group>"; };
		4B7B0B91252B05F30063946B /* NewConversationViewController.swift */ = {isa = PBXFileReference; lastKnownFileType = sourcecode.swift; path = NewConversationViewController.swift; sourceTree = "<group>"; };
		4B7B0B94252B06B50063946B /* ProfileViewController.swift */ = {isa = PBXFileReference; lastKnownFileType = sourcecode.swift; path = ProfileViewController.swift; sourceTree = "<group>"; };
		4B7B0B99252B112E0063946B /* Extensions.swift */ = {isa = PBXFileReference; lastKnownFileType = sourcecode.swift; path = Extensions.swift; sourceTree = "<group>"; };
		4B9B67CE252DB90C001B08C3 /* GoogleService-Info.plist */ = {isa = PBXFileReference; fileEncoding = 4; lastKnownFileType = text.plist.xml; path = "GoogleService-Info.plist"; sourceTree = "<group>"; };
		4B9B67D2252DEBA7001B08C3 /* DatabaseManager.swift */ = {isa = PBXFileReference; lastKnownFileType = sourcecode.swift; path = DatabaseManager.swift; sourceTree = "<group>"; };
		EE242274CB385294F04A1E92 /* Pods-Messanger.debug.xcconfig */ = {isa = PBXFileReference; includeInIndex = 1; lastKnownFileType = text.xcconfig; name = "Pods-Messanger.debug.xcconfig"; path = "Target Support Files/Pods-Messanger/Pods-Messanger.debug.xcconfig"; sourceTree = "<group>"; };
		F5B7B6BCBC7DAB683E2C8A83 /* Pods-Messanger.release.xcconfig */ = {isa = PBXFileReference; includeInIndex = 1; lastKnownFileType = text.xcconfig; name = "Pods-Messanger.release.xcconfig"; path = "Target Support Files/Pods-Messanger/Pods-Messanger.release.xcconfig"; sourceTree = "<group>"; };
/* End PBXFileReference section */

/* Begin PBXFrameworksBuildPhase section */
		4B7B0B62252B01240063946B /* Frameworks */ = {
			isa = PBXFrameworksBuildPhase;
			buildActionMask = 2147483647;
			files = (
				CA1B71C7585313185F8170CB /* Pods_Messanger.framework in Frameworks */,
			);
			runOnlyForDeploymentPostprocessing = 0;
		};
/* End PBXFrameworksBuildPhase section */

/* Begin PBXGroup section */
		4B7B0B5C252B01240063946B = {
			isa = PBXGroup;
			children = (
				4B7B0B67252B01240063946B /* Messanger */,
				4B7B0B66252B01240063946B /* Products */,
				71920B765155570C7BDA9EE6 /* Pods */,
				EF7CEBC54206512FC4699C3B /* Frameworks */,
			);
			sourceTree = "<group>";
		};
		4B7B0B66252B01240063946B /* Products */ = {
			isa = PBXGroup;
			children = (
				4B7B0B65252B01240063946B /* Messanger.app */,
			);
			name = Products;
			sourceTree = "<group>";
		};
		4B7B0B67252B01240063946B /* Messanger */ = {
			isa = PBXGroup;
			children = (
				4B9B67CE252DB90C001B08C3 /* GoogleService-Info.plist */,
				4B7B0B81252B032A0063946B /* ViewModels */,
				4B7B0B80252B03190063946B /* Resources */,
				4B7B0B7E252B02E40063946B /* Models */,
				4B7B0B7D252B02D30063946B /* Views */,
				4B7B0B7F252B02F10063946B /* Contrillers */,
				4B7B0B76252B01250063946B /* Info.plist */,
			);
			path = Messanger;
			sourceTree = "<group>";
		};
		4B7B0B7D252B02D30063946B /* Views */ = {
			isa = PBXGroup;
			children = (
				4B7B0B82252B03760063946B /* Storyboards */,
				4B7B0B73252B01250063946B /* LaunchScreen.storyboard */,
				4B7B0B6E252B01240063946B /* Main.storyboard */,
				4B7B0B71252B01250063946B /* Assets.xcassets */,
			);
			path = Views;
			sourceTree = "<group>";
		};
		4B7B0B7E252B02E40063946B /* Models */ = {
			isa = PBXGroup;
			children = (
			);
			path = Models;
			sourceTree = "<group>";
		};
		4B7B0B7F252B02F10063946B /* Contrillers */ = {
			isa = PBXGroup;
			children = (
				4B7B0B6C252B01240063946B /* ConversationsViewController.swift */,
				4B7B0B97252B07A40063946B /* Login */,
				4B7B0B8B252B05870063946B /* PhotoViewerViewController.swift */,
				4B7B0B8E252B05B30063946B /* VideoPlayerViewController.swift */,
				4B7B0B91252B05F30063946B /* NewConversationViewController.swift */,
				4B7B0B94252B06B50063946B /* ProfileViewController.swift */,
			);
			path = Contrillers;
			sourceTree = "<group>";
		};
		4B7B0B80252B03190063946B /* Resources */ = {
			isa = PBXGroup;
			children = (
				4B7B0B68252B01240063946B /* AppDelegate.swift */,
				4B7B0B6A252B01240063946B /* SceneDelegate.swift */,
				4B7B0B99252B112E0063946B /* Extensions.swift */,
				4B9B67D2252DEBA7001B08C3 /* DatabaseManager.swift */,
			);
			path = Resources;
			sourceTree = "<group>";
		};
		4B7B0B81252B032A0063946B /* ViewModels */ = {
			isa = PBXGroup;
			children = (
			);
			path = ViewModels;
			sourceTree = "<group>";
		};
		4B7B0B82252B03760063946B /* Storyboards */ = {
			isa = PBXGroup;
			children = (
			);
			path = Storyboards;
			sourceTree = "<group>";
		};
		4B7B0B97252B07A40063946B /* Login */ = {
			isa = PBXGroup;
			children = (
				4B7B0B85252B050B0063946B /* LoginViewController.swift */,
				4B7B0B88252B052D0063946B /* RegisterViewController.swift */,
			);
			path = Login;
			sourceTree = "<group>";
		};
		71920B765155570C7BDA9EE6 /* Pods */ = {
			isa = PBXGroup;
			children = (
				EE242274CB385294F04A1E92 /* Pods-Messanger.debug.xcconfig */,
				F5B7B6BCBC7DAB683E2C8A83 /* Pods-Messanger.release.xcconfig */,
			);
			path = Pods;
			sourceTree = "<group>";
		};
		EF7CEBC54206512FC4699C3B /* Frameworks */ = {
			isa = PBXGroup;
			children = (
				2F3C037985EF01B9A3655CEF /* Pods_Messanger.framework */,
			);
			name = Frameworks;
			sourceTree = "<group>";
		};
/* End PBXGroup section */

/* Begin PBXNativeTarget section */
		4B7B0B64252B01240063946B /* Messanger */ = {
			isa = PBXNativeTarget;
			buildConfigurationList = 4B7B0B79252B01250063946B /* Build configuration list for PBXNativeTarget "Messanger" */;
			buildPhases = (
				1B0CD5634ABE7D48070B39DC /* [CP] Check Pods Manifest.lock */,
				4B7B0B61252B01240063946B /* Sources */,
				4B7B0B62252B01240063946B /* Frameworks */,
				4B7B0B63252B01240063946B /* Resources */,
				D5243AD458A39AF983FA3F5E /* [CP] Embed Pods Frameworks */,
			);
			buildRules = (
			);
			dependencies = (
			);
			name = Messanger;
			productName = Messanger;
			productReference = 4B7B0B65252B01240063946B /* Messanger.app */;
			productType = "com.apple.product-type.application";
		};
/* End PBXNativeTarget section */

/* Begin PBXProject section */
		4B7B0B5D252B01240063946B /* Project object */ = {
			isa = PBXProject;
			attributes = {
				LastSwiftUpdateCheck = 1200;
				LastUpgradeCheck = 1200;
				TargetAttributes = {
					4B7B0B64252B01240063946B = {
						CreatedOnToolsVersion = 12.0.1;
					};
				};
			};
			buildConfigurationList = 4B7B0B60252B01240063946B /* Build configuration list for PBXProject "Messanger" */;
			compatibilityVersion = "Xcode 9.3";
			developmentRegion = en;
			hasScannedForEncodings = 0;
			knownRegions = (
				en,
				Base,
			);
			mainGroup = 4B7B0B5C252B01240063946B;
			productRefGroup = 4B7B0B66252B01240063946B /* Products */;
			projectDirPath = "";
			projectRoot = "";
			targets = (
				4B7B0B64252B01240063946B /* Messanger */,
			);
		};
/* End PBXProject section */

/* Begin PBXResourcesBuildPhase section */
		4B7B0B63252B01240063946B /* Resources */ = {
			isa = PBXResourcesBuildPhase;
			buildActionMask = 2147483647;
			files = (
				4B7B0B75252B01250063946B /* LaunchScreen.storyboard in Resources */,
				4B9B67CF252DB90C001B08C3 /* GoogleService-Info.plist in Resources */,
				4B7B0B72252B01250063946B /* Assets.xcassets in Resources */,
				4B7B0B70252B01240063946B /* Main.storyboard in Resources */,
			);
			runOnlyForDeploymentPostprocessing = 0;
		};
/* End PBXResourcesBuildPhase section */

/* Begin PBXShellScriptBuildPhase section */
		1B0CD5634ABE7D48070B39DC /* [CP] Check Pods Manifest.lock */ = {
			isa = PBXShellScriptBuildPhase;
			buildActionMask = 2147483647;
			files = (
			);
			inputFileListPaths = (
			);
			inputPaths = (
				"${PODS_PODFILE_DIR_PATH}/Podfile.lock",
				"${PODS_ROOT}/Manifest.lock",
			);
			name = "[CP] Check Pods Manifest.lock";
			outputFileListPaths = (
			);
			outputPaths = (
				"$(DERIVED_FILE_DIR)/Pods-Messanger-checkManifestLockResult.txt",
			);
			runOnlyForDeploymentPostprocessing = 0;
			shellPath = /bin/sh;
			shellScript = "diff \"${PODS_PODFILE_DIR_PATH}/Podfile.lock\" \"${PODS_ROOT}/Manifest.lock\" > /dev/null\nif [ $? != 0 ] ; then\n    # print error to STDERR\n    echo \"error: The sandbox is not in sync with the Podfile.lock. Run 'pod install' or update your CocoaPods installation.\" >&2\n    exit 1\nfi\n# This output is used by Xcode 'outputs' to avoid re-running this script phase.\necho \"SUCCESS\" > \"${SCRIPT_OUTPUT_FILE_0}\"\n";
			showEnvVarsInLog = 0;
		};
		D5243AD458A39AF983FA3F5E /* [CP] Embed Pods Frameworks */ = {
			isa = PBXShellScriptBuildPhase;
			buildActionMask = 2147483647;
			files = (
			);
			inputFileListPaths = (
				"${PODS_ROOT}/Target Support Files/Pods-Messanger/Pods-Messanger-frameworks-${CONFIGURATION}-input-files.xcfilelist",
			);
			name = "[CP] Embed Pods Frameworks";
			outputFileListPaths = (
				"${PODS_ROOT}/Target Support Files/Pods-Messanger/Pods-Messanger-frameworks-${CONFIGURATION}-output-files.xcfilelist",
			);
			runOnlyForDeploymentPostprocessing = 0;
			shellPath = /bin/sh;
			shellScript = "\"${PODS_ROOT}/Target Support Files/Pods-Messanger/Pods-Messanger-frameworks.sh\"\n";
			showEnvVarsInLog = 0;
		};
/* End PBXShellScriptBuildPhase section */

/* Begin PBXSourcesBuildPhase section */
		4B7B0B61252B01240063946B /* Sources */ = {
			isa = PBXSourcesBuildPhase;
			buildActionMask = 2147483647;
			files = (
				4B7B0B86252B050B0063946B /* LoginViewController.swift in Sources */,
				4B9B67D3252DEBA7001B08C3 /* DatabaseManager.swift in Sources */,
				4B7B0B89252B052D0063946B /* RegisterViewController.swift in Sources */,
				4B7B0B92252B05F30063946B /* NewConversationViewController.swift in Sources */,
				4B7B0B6D252B01240063946B /* ConversationsViewController.swift in Sources */,
				4B7B0B8F252B05B30063946B /* VideoPlayerViewController.swift in Sources */,
				4B7B0B9A252B112E0063946B /* Extensions.swift in Sources */,
				4B7B0B69252B01240063946B /* AppDelegate.swift in Sources */,
				4B7B0B95252B06B50063946B /* ProfileViewController.swift in Sources */,
				4B7B0B6B252B01240063946B /* SceneDelegate.swift in Sources */,
				4B7B0B8C252B05870063946B /* PhotoViewerViewController.swift in Sources */,
			);
			runOnlyForDeploymentPostprocessing = 0;
		};
/* End PBXSourcesBuildPhase section */

/* Begin PBXVariantGroup section */
		4B7B0B6E252B01240063946B /* Main.storyboard */ = {
			isa = PBXVariantGroup;
			children = (
				4B7B0B6F252B01240063946B /* Base */,
			);
			name = Main.storyboard;
			sourceTree = "<group>";
		};
		4B7B0B73252B01250063946B /* LaunchScreen.storyboard */ = {
			isa = PBXVariantGroup;
			children = (
				4B7B0B74252B01250063946B /* Base */,
			);
			name = LaunchScreen.storyboard;
			sourceTree = "<group>";
		};
/* End PBXVariantGroup section */

/* Begin XCBuildConfiguration section */
		4B7B0B77252B01250063946B /* Debug */ = {
			isa = XCBuildConfiguration;
			buildSettings = {
				ALWAYS_SEARCH_USER_PATHS = NO;
				CLANG_ANALYZER_NONNULL = YES;
				CLANG_ANALYZER_NUMBER_OBJECT_CONVERSION = YES_AGGRESSIVE;
				CLANG_CXX_LANGUAGE_STANDARD = "gnu++14";
				CLANG_CXX_LIBRARY = "libc++";
				CLANG_ENABLE_MODULES = YES;
				CLANG_ENABLE_OBJC_ARC = YES;
				CLANG_ENABLE_OBJC_WEAK = YES;
				CLANG_WARN_BLOCK_CAPTURE_AUTORELEASING = YES;
				CLANG_WARN_BOOL_CONVERSION = YES;
				CLANG_WARN_COMMA = YES;
				CLANG_WARN_CONSTANT_CONVERSION = YES;
				CLANG_WARN_DEPRECATED_OBJC_IMPLEMENTATIONS = YES;
				CLANG_WARN_DIRECT_OBJC_ISA_USAGE = YES_ERROR;
				CLANG_WARN_DOCUMENTATION_COMMENTS = YES;
				CLANG_WARN_EMPTY_BODY = YES;
				CLANG_WARN_ENUM_CONVERSION = YES;
				CLANG_WARN_INFINITE_RECURSION = YES;
				CLANG_WARN_INT_CONVERSION = YES;
				CLANG_WARN_NON_LITERAL_NULL_CONVERSION = YES;
				CLANG_WARN_OBJC_IMPLICIT_RETAIN_SELF = YES;
				CLANG_WARN_OBJC_LITERAL_CONVERSION = YES;
				CLANG_WARN_OBJC_ROOT_CLASS = YES_ERROR;
				CLANG_WARN_QUOTED_INCLUDE_IN_FRAMEWORK_HEADER = YES;
				CLANG_WARN_RANGE_LOOP_ANALYSIS = YES;
				CLANG_WARN_STRICT_PROTOTYPES = YES;
				CLANG_WARN_SUSPICIOUS_MOVE = YES;
				CLANG_WARN_UNGUARDED_AVAILABILITY = YES_AGGRESSIVE;
				CLANG_WARN_UNREACHABLE_CODE = YES;
				CLANG_WARN__DUPLICATE_METHOD_MATCH = YES;
				COPY_PHASE_STRIP = NO;
				DEBUG_INFORMATION_FORMAT = dwarf;
				ENABLE_STRICT_OBJC_MSGSEND = YES;
				ENABLE_TESTABILITY = YES;
				GCC_C_LANGUAGE_STANDARD = gnu11;
				GCC_DYNAMIC_NO_PIC = NO;
				GCC_NO_COMMON_BLOCKS = YES;
				GCC_OPTIMIZATION_LEVEL = 0;
				GCC_PREPROCESSOR_DEFINITIONS = (
					"DEBUG=1",
					"$(inherited)",
				);
				GCC_WARN_64_TO_32_BIT_CONVERSION = YES;
				GCC_WARN_ABOUT_RETURN_TYPE = YES_ERROR;
				GCC_WARN_UNDECLARED_SELECTOR = YES;
				GCC_WARN_UNINITIALIZED_AUTOS = YES_AGGRESSIVE;
				GCC_WARN_UNUSED_FUNCTION = YES;
				GCC_WARN_UNUSED_VARIABLE = YES;
				IPHONEOS_DEPLOYMENT_TARGET = 14.0;
				MTL_ENABLE_DEBUG_INFO = INCLUDE_SOURCE;
				MTL_FAST_MATH = YES;
				ONLY_ACTIVE_ARCH = YES;
				SDKROOT = iphoneos;
				SWIFT_ACTIVE_COMPILATION_CONDITIONS = DEBUG;
				SWIFT_OPTIMIZATION_LEVEL = "-Onone";
			};
			name = Debug;
		};
		4B7B0B78252B01250063946B /* Release */ = {
			isa = XCBuildConfiguration;
			buildSettings = {
				ALWAYS_SEARCH_USER_PATHS = NO;
				CLANG_ANALYZER_NONNULL = YES;
				CLANG_ANALYZER_NUMBER_OBJECT_CONVERSION = YES_AGGRESSIVE;
				CLANG_CXX_LANGUAGE_STANDARD = "gnu++14";
				CLANG_CXX_LIBRARY = "libc++";
				CLANG_ENABLE_MODULES = YES;
				CLANG_ENABLE_OBJC_ARC = YES;
				CLANG_ENABLE_OBJC_WEAK = YES;
				CLANG_WARN_BLOCK_CAPTURE_AUTORELEASING = YES;
				CLANG_WARN_BOOL_CONVERSION = YES;
				CLANG_WARN_COMMA = YES;
				CLANG_WARN_CONSTANT_CONVERSION = YES;
				CLANG_WARN_DEPRECATED_OBJC_IMPLEMENTATIONS = YES;
				CLANG_WARN_DIRECT_OBJC_ISA_USAGE = YES_ERROR;
				CLANG_WARN_DOCUMENTATION_COMMENTS = YES;
				CLANG_WARN_EMPTY_BODY = YES;
				CLANG_WARN_ENUM_CONVERSION = YES;
				CLANG_WARN_INFINITE_RECURSION = YES;
				CLANG_WARN_INT_CONVERSION = YES;
				CLANG_WARN_NON_LITERAL_NULL_CONVERSION = YES;
				CLANG_WARN_OBJC_IMPLICIT_RETAIN_SELF = YES;
				CLANG_WARN_OBJC_LITERAL_CONVERSION = YES;
				CLANG_WARN_OBJC_ROOT_CLASS = YES_ERROR;
				CLANG_WARN_QUOTED_INCLUDE_IN_FRAMEWORK_HEADER = YES;
				CLANG_WARN_RANGE_LOOP_ANALYSIS = YES;
				CLANG_WARN_STRICT_PROTOTYPES = YES;
				CLANG_WARN_SUSPICIOUS_MOVE = YES;
				CLANG_WARN_UNGUARDED_AVAILABILITY = YES_AGGRESSIVE;
				CLANG_WARN_UNREACHABLE_CODE = YES;
				CLANG_WARN__DUPLICATE_METHOD_MATCH = YES;
				COPY_PHASE_STRIP = NO;
				DEBUG_INFORMATION_FORMAT = "dwarf-with-dsym";
				ENABLE_NS_ASSERTIONS = NO;
				ENABLE_STRICT_OBJC_MSGSEND = YES;
				GCC_C_LANGUAGE_STANDARD = gnu11;
				GCC_NO_COMMON_BLOCKS = YES;
				GCC_WARN_64_TO_32_BIT_CONVERSION = YES;
				GCC_WARN_ABOUT_RETURN_TYPE = YES_ERROR;
				GCC_WARN_UNDECLARED_SELECTOR = YES;
				GCC_WARN_UNINITIALIZED_AUTOS = YES_AGGRESSIVE;
				GCC_WARN_UNUSED_FUNCTION = YES;
				GCC_WARN_UNUSED_VARIABLE = YES;
				IPHONEOS_DEPLOYMENT_TARGET = 14.0;
				MTL_ENABLE_DEBUG_INFO = NO;
				MTL_FAST_MATH = YES;
				SDKROOT = iphoneos;
				SWIFT_COMPILATION_MODE = wholemodule;
				SWIFT_OPTIMIZATION_LEVEL = "-O";
				VALIDATE_PRODUCT = YES;
			};
			name = Release;
		};
		4B7B0B7A252B01250063946B /* Debug */ = {
			isa = XCBuildConfiguration;
			baseConfigurationReference = EE242274CB385294F04A1E92 /* Pods-Messanger.debug.xcconfig */;
			buildSettings = {
				ASSETCATALOG_COMPILER_APPICON_NAME = AppIcon;
				ASSETCATALOG_COMPILER_GLOBAL_ACCENT_COLOR_NAME = AccentColor;
				CODE_SIGN_STYLE = Automatic;
				DEVELOPMENT_TEAM = Y9NCLVZ4U8;
				INFOPLIST_FILE = Messanger/Info.plist;
				IPHONEOS_DEPLOYMENT_TARGET = 13.0;
				LD_RUNPATH_SEARCH_PATHS = (
					"$(inherited)",
					"@executable_path/Frameworks",
				);
				PRODUCT_BUNDLE_IDENTIFIER = com.ya.petrShtuka.Messanger;
				PRODUCT_NAME = "$(TARGET_NAME)";
				SWIFT_VERSION = 5.0;
				TARGETED_DEVICE_FAMILY = "1,2";
			};
			name = Debug;
		};
		4B7B0B7B252B01250063946B /* Release */ = {
			isa = XCBuildConfiguration;
			baseConfigurationReference = F5B7B6BCBC7DAB683E2C8A83 /* Pods-Messanger.release.xcconfig */;
			buildSettings = {
				ASSETCATALOG_COMPILER_APPICON_NAME = AppIcon;
				ASSETCATALOG_COMPILER_GLOBAL_ACCENT_COLOR_NAME = AccentColor;
				CODE_SIGN_STYLE = Automatic;
				DEVELOPMENT_TEAM = Y9NCLVZ4U8;
				INFOPLIST_FILE = Messanger/Info.plist;
				IPHONEOS_DEPLOYMENT_TARGET = 13.0;
				LD_RUNPATH_SEARCH_PATHS = (
					"$(inherited)",
					"@executable_path/Frameworks",
				);
				PRODUCT_BUNDLE_IDENTIFIER = com.ya.petrShtuka.Messanger;
				PRODUCT_NAME = "$(TARGET_NAME)";
				SWIFT_VERSION = 5.0;
				TARGETED_DEVICE_FAMILY = "1,2";
			};
			name = Release;
		};
/* End XCBuildConfiguration section */

/* Begin XCConfigurationList section */
		4B7B0B60252B01240063946B /* Build configuration list for PBXProject "Messanger" */ = {
			isa = XCConfigurationList;
			buildConfigurations = (
				4B7B0B77252B01250063946B /* Debug */,
				4B7B0B78252B01250063946B /* Release */,
			);
			defaultConfigurationIsVisible = 0;
			defaultConfigurationName = Release;
		};
		4B7B0B79252B01250063946B /* Build configuration list for PBXNativeTarget "Messanger" */ = {
			isa = XCConfigurationList;
			buildConfigurations = (
				4B7B0B7A252B01250063946B /* Debug */,
				4B7B0B7B252B01250063946B /* Release */,
			);
			defaultConfigurationIsVisible = 0;
			defaultConfigurationName = Release;
		};
/* End XCConfigurationList section */
	};
	rootObject = 4B7B0B5D252B01240063946B /* Project object */;
}
